// !$*UTF8*$!
{
	archiveVersion = 1;
	classes = {
	};
	objectVersion = 50;
	objects = {

/* Begin PBXBuildFile section */
		4227AF1A239B6C7700AC0854 /* Question.swift in Sources */ = {isa = PBXBuildFile; fileRef = 4227AF19239B6C7700AC0854 /* Question.swift */; };
		4227AF1C239B6C7C00AC0854 /* QuestionGroup.swift in Sources */ = {isa = PBXBuildFile; fileRef = 4227AF1B239B6C7C00AC0854 /* QuestionGroup.swift */; };
		428D6934211660200052D54F /* AppDelegate.swift in Sources */ = {isa = PBXBuildFile; fileRef = 428D6933211660200052D54F /* AppDelegate.swift */; };
		428D6936211660200052D54F /* QuestionViewController.swift in Sources */ = {isa = PBXBuildFile; fileRef = 428D6935211660200052D54F /* QuestionViewController.swift */; };
		428D69552119FE9F0052D54F /* LaunchScreen.storyboard in Resources */ = {isa = PBXBuildFile; fileRef = 428D69542119FE9F0052D54F /* LaunchScreen.storyboard */; };
		428D69572119FEA80052D54F /* Assets.xcassets in Resources */ = {isa = PBXBuildFile; fileRef = 428D69562119FEA80052D54F /* Assets.xcassets */; };
		428D69592119FF5D0052D54F /* QuestionView.swift in Sources */ = {isa = PBXBuildFile; fileRef = 428D69582119FF5D0052D54F /* QuestionView.swift */; };
		CE4752D5243D5DDE00550685 /* AppSetting.swift in Sources */ = {isa = PBXBuildFile; fileRef = CE4752D4243D5DDE00550685 /* AppSetting.swift */; };
		CE4752D9243D6CBD00550685 /* AppSettingsViewController.swift in Sources */ = {isa = PBXBuildFile; fileRef = CE4752D8243D6CBD00550685 /* AppSettingsViewController.swift */; };
		CECCD630245079A100EAFC81 /* CreateQuestionGroupViewController.swift in Sources */ = {isa = PBXBuildFile; fileRef = CECCD62F245079A100EAFC81 /* CreateQuestionGroupViewController.swift */; };
		CECCD636245079CC00EAFC81 /* CreateQuestionCell.swift in Sources */ = {isa = PBXBuildFile; fileRef = CECCD631245079CB00EAFC81 /* CreateQuestionCell.swift */; };
		CECCD637245079CC00EAFC81 /* NewQuestionGroup.storyboard in Resources */ = {isa = PBXBuildFile; fileRef = CECCD632245079CB00EAFC81 /* NewQuestionGroup.storyboard */; };
		CECCD638245079CC00EAFC81 /* CreateQuestionGroupTitleCell.swift in Sources */ = {isa = PBXBuildFile; fileRef = CECCD633245079CB00EAFC81 /* CreateQuestionGroupTitleCell.swift */; };
		CECCD639245079CC00EAFC81 /* Main.storyboard in Resources */ = {isa = PBXBuildFile; fileRef = CECCD634245079CB00EAFC81 /* Main.storyboard */; };
		CECCD63A245079CC00EAFC81 /* JapaneseTextField.swift in Sources */ = {isa = PBXBuildFile; fileRef = CECCD635245079CC00EAFC81 /* JapaneseTextField.swift */; };
		CECCD63D24508E3F00EAFC81 /* QuestionGroupBuilder.swift in Sources */ = {isa = PBXBuildFile; fileRef = CECCD63C24508E3F00EAFC81 /* QuestionGroupBuilder.swift */; };
		CEE0D8EF244ADF0E00597964 /* DiskCareTaker.swift in Sources */ = {isa = PBXBuildFile; fileRef = CEE0D8EE244ADF0E00597964 /* DiskCareTaker.swift */; };
		CEE0D8F1244ADF2600597964 /* QuestionGroupCareTaker.swift in Sources */ = {isa = PBXBuildFile; fileRef = CEE0D8F0244ADF2600597964 /* QuestionGroupCareTaker.swift */; };
		CEE0D8F3244AE83E00597964 /* QuestionGroupData.json in Resources */ = {isa = PBXBuildFile; fileRef = CEE0D8F2244AE83E00597964 /* QuestionGroupData.json */; };
		CEE0D8F5244AE84E00597964 /* BaseQuestionStrategy.swift in Sources */ = {isa = PBXBuildFile; fileRef = CEE0D8F4244AE84E00597964 /* BaseQuestionStrategy.swift */; };
		CEE1E3AA2433E9AC006C4CB9 /* QuestionGroupCell.swift in Sources */ = {isa = PBXBuildFile; fileRef = CEE1E3A92433E9AC006C4CB9 /* QuestionGroupCell.swift */; };
		CEE1E3AC2433E9B8006C4CB9 /* SelectQuestionGroupViewController.swift in Sources */ = {isa = PBXBuildFile; fileRef = CEE1E3AB2433E9B8006C4CB9 /* SelectQuestionGroupViewController.swift */; };
		CEF45A49243BDBD600C16689 /* QuestionStrategy.swift in Sources */ = {isa = PBXBuildFile; fileRef = CEF45A46243BDBD600C16689 /* QuestionStrategy.swift */; };
		CEF45A4A243BDBD600C16689 /* RandomQuestionStrategy.swift in Sources */ = {isa = PBXBuildFile; fileRef = CEF45A47243BDBD600C16689 /* RandomQuestionStrategy.swift */; };
		CEF45A4B243BDBD600C16689 /* SequentialQuestionStrategy.swift in Sources */ = {isa = PBXBuildFile; fileRef = CEF45A48243BDBD600C16689 /* SequentialQuestionStrategy.swift */; };
/* End PBXBuildFile section */

/* Begin PBXFileReference section */
		4227AF19239B6C7700AC0854 /* Question.swift */ = {isa = PBXFileReference; lastKnownFileType = sourcecode.swift; path = Question.swift; sourceTree = "<group>"; };
		4227AF1B239B6C7C00AC0854 /* QuestionGroup.swift */ = {isa = PBXFileReference; lastKnownFileType = sourcecode.swift; path = QuestionGroup.swift; sourceTree = "<group>"; };
		428D6930211660200052D54F /* RabbleWabble.app */ = {isa = PBXFileReference; explicitFileType = wrapper.application; includeInIndex = 0; path = RabbleWabble.app; sourceTree = BUILT_PRODUCTS_DIR; };
		428D6933211660200052D54F /* AppDelegate.swift */ = {isa = PBXFileReference; lastKnownFileType = sourcecode.swift; path = AppDelegate.swift; sourceTree = "<group>"; };
		428D6935211660200052D54F /* QuestionViewController.swift */ = {isa = PBXFileReference; lastKnownFileType = sourcecode.swift; path = QuestionViewController.swift; sourceTree = "<group>"; };
		428D693F211660220052D54F /* Info.plist */ = {isa = PBXFileReference; lastKnownFileType = text.plist.xml; path = Info.plist; sourceTree = "<group>"; };
		428D69542119FE9F0052D54F /* LaunchScreen.storyboard */ = {isa = PBXFileReference; fileEncoding = 4; lastKnownFileType = file.storyboard; path = LaunchScreen.storyboard; sourceTree = "<group>"; };
		428D69562119FEA80052D54F /* Assets.xcassets */ = {isa = PBXFileReference; lastKnownFileType = folder.assetcatalog; path = Assets.xcassets; sourceTree = "<group>"; };
		428D69582119FF5D0052D54F /* QuestionView.swift */ = {isa = PBXFileReference; lastKnownFileType = sourcecode.swift; path = QuestionView.swift; sourceTree = "<group>"; };
		CE4752D4243D5DDE00550685 /* AppSetting.swift */ = {isa = PBXFileReference; lastKnownFileType = sourcecode.swift; path = AppSetting.swift; sourceTree = "<group>"; };
		CE4752D8243D6CBD00550685 /* AppSettingsViewController.swift */ = {isa = PBXFileReference; fileEncoding = 4; lastKnownFileType = sourcecode.swift; path = AppSettingsViewController.swift; sourceTree = "<group>"; };
		CECCD62F245079A100EAFC81 /* CreateQuestionGroupViewController.swift */ = {isa = PBXFileReference; fileEncoding = 4; lastKnownFileType = sourcecode.swift; path = CreateQuestionGroupViewController.swift; sourceTree = "<group>"; };
		CECCD631245079CB00EAFC81 /* CreateQuestionCell.swift */ = {isa = PBXFileReference; fileEncoding = 4; lastKnownFileType = sourcecode.swift; path = CreateQuestionCell.swift; sourceTree = "<group>"; };
		CECCD632245079CB00EAFC81 /* NewQuestionGroup.storyboard */ = {isa = PBXFileReference; fileEncoding = 4; lastKnownFileType = file.storyboard; path = NewQuestionGroup.storyboard; sourceTree = "<group>"; };
		CECCD633245079CB00EAFC81 /* CreateQuestionGroupTitleCell.swift */ = {isa = PBXFileReference; fileEncoding = 4; lastKnownFileType = sourcecode.swift; path = CreateQuestionGroupTitleCell.swift; sourceTree = "<group>"; };
		CECCD634245079CB00EAFC81 /* Main.storyboard */ = {isa = PBXFileReference; fileEncoding = 4; lastKnownFileType = file.storyboard; path = Main.storyboard; sourceTree = "<group>"; };
		CECCD635245079CC00EAFC81 /* JapaneseTextField.swift */ = {isa = PBXFileReference; fileEncoding = 4; lastKnownFileType = sourcecode.swift; path = JapaneseTextField.swift; sourceTree = "<group>"; };
		CECCD63C24508E3F00EAFC81 /* QuestionGroupBuilder.swift */ = {isa = PBXFileReference; lastKnownFileType = sourcecode.swift; path = QuestionGroupBuilder.swift; sourceTree = "<group>"; };
		CEE0D8EE244ADF0E00597964 /* DiskCareTaker.swift */ = {isa = PBXFileReference; lastKnownFileType = sourcecode.swift; path = DiskCareTaker.swift; sourceTree = "<group>"; };
		CEE0D8F0244ADF2600597964 /* QuestionGroupCareTaker.swift */ = {isa = PBXFileReference; lastKnownFileType = sourcecode.swift; path = QuestionGroupCareTaker.swift; sourceTree = "<group>"; };
		CEE0D8F2244AE83E00597964 /* QuestionGroupData.json */ = {isa = PBXFileReference; fileEncoding = 4; lastKnownFileType = text.json; path = QuestionGroupData.json; sourceTree = "<group>"; };
		CEE0D8F4244AE84E00597964 /* BaseQuestionStrategy.swift */ = {isa = PBXFileReference; fileEncoding = 4; lastKnownFileType = sourcecode.swift; path = BaseQuestionStrategy.swift; sourceTree = "<group>"; };
		CEE1E3A92433E9AC006C4CB9 /* QuestionGroupCell.swift */ = {isa = PBXFileReference; fileEncoding = 4; lastKnownFileType = sourcecode.swift; path = QuestionGroupCell.swift; sourceTree = "<group>"; };
		CEE1E3AB2433E9B8006C4CB9 /* SelectQuestionGroupViewController.swift */ = {isa = PBXFileReference; fileEncoding = 4; lastKnownFileType = sourcecode.swift; path = SelectQuestionGroupViewController.swift; sourceTree = "<group>"; };
		CEF45A46243BDBD600C16689 /* QuestionStrategy.swift */ = {isa = PBXFileReference; fileEncoding = 4; lastKnownFileType = sourcecode.swift; path = QuestionStrategy.swift; sourceTree = "<group>"; };
		CEF45A47243BDBD600C16689 /* RandomQuestionStrategy.swift */ = {isa = PBXFileReference; fileEncoding = 4; lastKnownFileType = sourcecode.swift; path = RandomQuestionStrategy.swift; sourceTree = "<group>"; };
		CEF45A48243BDBD600C16689 /* SequentialQuestionStrategy.swift */ = {isa = PBXFileReference; fileEncoding = 4; lastKnownFileType = sourcecode.swift; path = SequentialQuestionStrategy.swift; sourceTree = "<group>"; };
/* End PBXFileReference section */

/* Begin PBXFrameworksBuildPhase section */
		428D692D211660200052D54F /* Frameworks */ = {
			isa = PBXFrameworksBuildPhase;
			buildActionMask = 2147483647;
			files = (
			);
			runOnlyForDeploymentPostprocessing = 0;
		};
/* End PBXFrameworksBuildPhase section */

/* Begin PBXGroup section */
		4227AF18239B6C6A00AC0854 /* Models */ = {
			isa = PBXGroup;
			children = (
				CE4752D4243D5DDE00550685 /* AppSetting.swift */,
				4227AF19239B6C7700AC0854 /* Question.swift */,
				4227AF1B239B6C7C00AC0854 /* QuestionGroup.swift */,
			);
			path = Models;
			sourceTree = "<group>";
		};
		428D6927211660200052D54F = {
			isa = PBXGroup;
			children = (
				428D6932211660200052D54F /* RabbleWabble */,
				428D6931211660200052D54F /* Products */,
			);
			indentWidth = 2;
			sourceTree = "<group>";
			tabWidth = 2;
		};
		428D6931211660200052D54F /* Products */ = {
			isa = PBXGroup;
			children = (
				428D6930211660200052D54F /* RabbleWabble.app */,
			);
			name = Products;
			sourceTree = "<group>";
		};
		428D6932211660200052D54F /* RabbleWabble */ = {
			isa = PBXGroup;
			children = (
				428D6945211660680052D54F /* AppDelegate */,
				CECCD63B245082F100EAFC81 /* builder */,
				CEE0D8ED244ADECB00597964 /* CareTaker */,
				428D6946211660790052D54F /* Controllers */,
				4227AF18239B6C6A00AC0854 /* Models */,
				428D6948211660860052D54F /* Resources */,
				CEF45A3F243BD94D00C16689 /* Strategy */,
				428D69492116608E0052D54F /* Views */,
			);
			path = RabbleWabble;
			sourceTree = "<group>";
		};
		428D6945211660680052D54F /* AppDelegate */ = {
			isa = PBXGroup;
			children = (
				428D6933211660200052D54F /* AppDelegate.swift */,
			);
			path = AppDelegate;
			sourceTree = "<group>";
		};
		428D6946211660790052D54F /* Controllers */ = {
			isa = PBXGroup;
			children = (
				CECCD62F245079A100EAFC81 /* CreateQuestionGroupViewController.swift */,
				CE4752D8243D6CBD00550685 /* AppSettingsViewController.swift */,
				CEE1E3AB2433E9B8006C4CB9 /* SelectQuestionGroupViewController.swift */,
				428D6935211660200052D54F /* QuestionViewController.swift */,
			);
			path = Controllers;
			sourceTree = "<group>";
		};
		428D6948211660860052D54F /* Resources */ = {
			isa = PBXGroup;
			children = (
				CEE0D8F2244AE83E00597964 /* QuestionGroupData.json */,
				428D69562119FEA80052D54F /* Assets.xcassets */,
				428D693F211660220052D54F /* Info.plist */,
			);
			path = Resources;
			sourceTree = "<group>";
		};
		428D69492116608E0052D54F /* Views */ = {
			isa = PBXGroup;
			children = (
				CECCD631245079CB00EAFC81 /* CreateQuestionCell.swift */,
				CECCD633245079CB00EAFC81 /* CreateQuestionGroupTitleCell.swift */,
				CECCD635245079CC00EAFC81 /* JapaneseTextField.swift */,
				CECCD634245079CB00EAFC81 /* Main.storyboard */,
				CECCD632245079CB00EAFC81 /* NewQuestionGroup.storyboard */,
				CEE1E3A92433E9AC006C4CB9 /* QuestionGroupCell.swift */,
				428D69542119FE9F0052D54F /* LaunchScreen.storyboard */,
				428D69582119FF5D0052D54F /* QuestionView.swift */,
			);
			path = Views;
			sourceTree = "<group>";
		};
		CECCD63B245082F100EAFC81 /* builder */ = {
			isa = PBXGroup;
			children = (
				CECCD63C24508E3F00EAFC81 /* QuestionGroupBuilder.swift */,
			);
			path = builder;
			sourceTree = "<group>";
		};
		CEE0D8ED244ADECB00597964 /* CareTaker */ = {
			isa = PBXGroup;
			children = (
				CEE0D8EE244ADF0E00597964 /* DiskCareTaker.swift */,
				CEE0D8F0244ADF2600597964 /* QuestionGroupCareTaker.swift */,
			);
			path = CareTaker;
			sourceTree = "<group>";
		};
		CEF45A3F243BD94D00C16689 /* Strategy */ = {
			isa = PBXGroup;
			children = (
				CEE0D8F4244AE84E00597964 /* BaseQuestionStrategy.swift */,
				CEF45A46243BDBD600C16689 /* QuestionStrategy.swift */,
				CEF45A47243BDBD600C16689 /* RandomQuestionStrategy.swift */,
				CEF45A48243BDBD600C16689 /* SequentialQuestionStrategy.swift */,
			);
			path = Strategy;
			sourceTree = "<group>";
		};
/* End PBXGroup section */

/* Begin PBXNativeTarget section */
		428D692F211660200052D54F /* RabbleWabble */ = {
			isa = PBXNativeTarget;
			buildConfigurationList = 428D6942211660220052D54F /* Build configuration list for PBXNativeTarget "RabbleWabble" */;
			buildPhases = (
				428D692C211660200052D54F /* Sources */,
				428D692D211660200052D54F /* Frameworks */,
				428D692E211660200052D54F /* Resources */,
			);
			buildRules = (
			);
			dependencies = (
			);
			name = RabbleWabble;
			productName = RabbleWabble;
			productReference = 428D6930211660200052D54F /* RabbleWabble.app */;
			productType = "com.apple.product-type.application";
		};
/* End PBXNativeTarget section */

/* Begin PBXProject section */
		428D6928211660200052D54F /* Project object */ = {
			isa = PBXProject;
			attributes = {
				LastSwiftUpdateCheck = 1000;
				LastUpgradeCheck = 1000;
				ORGANIZATIONNAME = "Razeware, LLC";
				TargetAttributes = {
					428D692F211660200052D54F = {
						CreatedOnToolsVersion = 10.0;
						LastSwiftMigration = 1020;
					};
				};
			};
			buildConfigurationList = 428D692B211660200052D54F /* Build configuration list for PBXProject "RabbleWabble" */;
			compatibilityVersion = "Xcode 9.3";
			developmentRegion = en;
			hasScannedForEncodings = 0;
			knownRegions = (
				en,
				Base,
			);
			mainGroup = 428D6927211660200052D54F;
			productRefGroup = 428D6931211660200052D54F /* Products */;
			projectDirPath = "";
			projectRoot = "";
			targets = (
				428D692F211660200052D54F /* RabbleWabble */,
			);
		};
/* End PBXProject section */

/* Begin PBXResourcesBuildPhase section */
		428D692E211660200052D54F /* Resources */ = {
			isa = PBXResourcesBuildPhase;
			buildActionMask = 2147483647;
			files = (
				CEE0D8F3244AE83E00597964 /* QuestionGroupData.json in Resources */,
				CECCD639245079CC00EAFC81 /* Main.storyboard in Resources */,
				CECCD637245079CC00EAFC81 /* NewQuestionGroup.storyboard in Resources */,
				428D69572119FEA80052D54F /* Assets.xcassets in Resources */,
				428D69552119FE9F0052D54F /* LaunchScreen.storyboard in Resources */,
			);
			runOnlyForDeploymentPostprocessing = 0;
		};
/* End PBXResourcesBuildPhase section */

/* Begin PBXSourcesBuildPhase section */
		428D692C211660200052D54F /* Sources */ = {
			isa = PBXSourcesBuildPhase;
			buildActionMask = 2147483647;
			files = (
				CEE0D8F1244ADF2600597964 /* QuestionGroupCareTaker.swift in Sources */,
				CECCD636245079CC00EAFC81 /* CreateQuestionCell.swift in Sources */,
				CECCD63A245079CC00EAFC81 /* JapaneseTextField.swift in Sources */,
				CEE1E3AA2433E9AC006C4CB9 /* QuestionGroupCell.swift in Sources */,
				428D6936211660200052D54F /* QuestionViewController.swift in Sources */,
				CE4752D5243D5DDE00550685 /* AppSetting.swift in Sources */,
				CEE0D8EF244ADF0E00597964 /* DiskCareTaker.swift in Sources */,
				428D6934211660200052D54F /* AppDelegate.swift in Sources */,
				4227AF1C239B6C7C00AC0854 /* QuestionGroup.swift in Sources */,
				4227AF1A239B6C7700AC0854 /* Question.swift in Sources */,
				CEF45A4A243BDBD600C16689 /* RandomQuestionStrategy.swift in Sources */,
				CEF45A4B243BDBD600C16689 /* SequentialQuestionStrategy.swift in Sources */,
				CECCD630245079A100EAFC81 /* CreateQuestionGroupViewController.swift in Sources */,
				CE4752D9243D6CBD00550685 /* AppSettingsViewController.swift in Sources */,
				CEE0D8F5244AE84E00597964 /* BaseQuestionStrategy.swift in Sources */,
				CEE1E3AC2433E9B8006C4CB9 /* SelectQuestionGroupViewController.swift in Sources */,
				CEF45A49243BDBD600C16689 /* QuestionStrategy.swift in Sources */,
				CECCD63D24508E3F00EAFC81 /* QuestionGroupBuilder.swift in Sources */,
				CECCD638245079CC00EAFC81 /* CreateQuestionGroupTitleCell.swift in Sources */,
				428D69592119FF5D0052D54F /* QuestionView.swift in Sources */,
			);
			runOnlyForDeploymentPostprocessing = 0;
		};
/* End PBXSourcesBuildPhase section */

/* Begin XCBuildConfiguration section */
		428D6940211660220052D54F /* Debug */ = {
			isa = XCBuildConfiguration;
			buildSettings = {
				ALWAYS_SEARCH_USER_PATHS = NO;
				CLANG_ANALYZER_NONNULL = YES;
				CLANG_ANALYZER_NUMBER_OBJECT_CONVERSION = YES_AGGRESSIVE;
				CLANG_CXX_LANGUAGE_STANDARD = "gnu++14";
				CLANG_CXX_LIBRARY = "libc++";
				CLANG_ENABLE_MODULES = YES;
				CLANG_ENABLE_OBJC_ARC = YES;
				CLANG_ENABLE_OBJC_WEAK = YES;
				CLANG_WARN_BLOCK_CAPTURE_AUTORELEASING = YES;
				CLANG_WARN_BOOL_CONVERSION = YES;
				CLANG_WARN_COMMA = YES;
				CLANG_WARN_CONSTANT_CONVERSION = YES;
				CLANG_WARN_DEPRECATED_OBJC_IMPLEMENTATIONS = YES;
				CLANG_WARN_DIRECT_OBJC_ISA_USAGE = YES_ERROR;
				CLANG_WARN_DOCUMENTATION_COMMENTS = YES;
				CLANG_WARN_EMPTY_BODY = YES;
				CLANG_WARN_ENUM_CONVERSION = YES;
				CLANG_WARN_INFINITE_RECURSION = YES;
				CLANG_WARN_INT_CONVERSION = YES;
				CLANG_WARN_NON_LITERAL_NULL_CONVERSION = YES;
				CLANG_WARN_OBJC_IMPLICIT_RETAIN_SELF = YES;
				CLANG_WARN_OBJC_LITERAL_CONVERSION = YES;
				CLANG_WARN_OBJC_ROOT_CLASS = YES_ERROR;
				CLANG_WARN_RANGE_LOOP_ANALYSIS = YES;
				CLANG_WARN_STRICT_PROTOTYPES = YES;
				CLANG_WARN_SUSPICIOUS_MOVE = YES;
				CLANG_WARN_UNGUARDED_AVAILABILITY = YES_AGGRESSIVE;
				CLANG_WARN_UNREACHABLE_CODE = YES;
				CLANG_WARN__DUPLICATE_METHOD_MATCH = YES;
				CODE_SIGN_IDENTITY = "iPhone Developer";
				COPY_PHASE_STRIP = NO;
				DEBUG_INFORMATION_FORMAT = dwarf;
				ENABLE_STRICT_OBJC_MSGSEND = YES;
				ENABLE_TESTABILITY = YES;
				GCC_C_LANGUAGE_STANDARD = gnu11;
				GCC_DYNAMIC_NO_PIC = NO;
				GCC_NO_COMMON_BLOCKS = YES;
				GCC_OPTIMIZATION_LEVEL = 0;
				GCC_PREPROCESSOR_DEFINITIONS = (
					"DEBUG=1",
					"$(inherited)",
				);
				GCC_WARN_64_TO_32_BIT_CONVERSION = YES;
				GCC_WARN_ABOUT_RETURN_TYPE = YES_ERROR;
				GCC_WARN_UNDECLARED_SELECTOR = YES;
				GCC_WARN_UNINITIALIZED_AUTOS = YES_AGGRESSIVE;
				GCC_WARN_UNUSED_FUNCTION = YES;
				GCC_WARN_UNUSED_VARIABLE = YES;
				IPHONEOS_DEPLOYMENT_TARGET = 12.0;
				MTL_ENABLE_DEBUG_INFO = INCLUDE_SOURCE;
				MTL_FAST_MATH = YES;
				ONLY_ACTIVE_ARCH = YES;
				SDKROOT = iphoneos;
				SWIFT_ACTIVE_COMPILATION_CONDITIONS = DEBUG;
				SWIFT_OPTIMIZATION_LEVEL = "-Onone";
			};
			name = Debug;
		};
		428D6941211660220052D54F /* Release */ = {
			isa = XCBuildConfiguration;
			buildSettings = {
				ALWAYS_SEARCH_USER_PATHS = NO;
				CLANG_ANALYZER_NONNULL = YES;
				CLANG_ANALYZER_NUMBER_OBJECT_CONVERSION = YES_AGGRESSIVE;
				CLANG_CXX_LANGUAGE_STANDARD = "gnu++14";
				CLANG_CXX_LIBRARY = "libc++";
				CLANG_ENABLE_MODULES = YES;
				CLANG_ENABLE_OBJC_ARC = YES;
				CLANG_ENABLE_OBJC_WEAK = YES;
				CLANG_WARN_BLOCK_CAPTURE_AUTORELEASING = YES;
				CLANG_WARN_BOOL_CONVERSION = YES;
				CLANG_WARN_COMMA = YES;
				CLANG_WARN_CONSTANT_CONVERSION = YES;
				CLANG_WARN_DEPRECATED_OBJC_IMPLEMENTATIONS = YES;
				CLANG_WARN_DIRECT_OBJC_ISA_USAGE = YES_ERROR;
				CLANG_WARN_DOCUMENTATION_COMMENTS = YES;
				CLANG_WARN_EMPTY_BODY = YES;
				CLANG_WARN_ENUM_CONVERSION = YES;
				CLANG_WARN_INFINITE_RECURSION = YES;
				CLANG_WARN_INT_CONVERSION = YES;
				CLANG_WARN_NON_LITERAL_NULL_CONVERSION = YES;
				CLANG_WARN_OBJC_IMPLICIT_RETAIN_SELF = YES;
				CLANG_WARN_OBJC_LITERAL_CONVERSION = YES;
				CLANG_WARN_OBJC_ROOT_CLASS = YES_ERROR;
				CLANG_WARN_RANGE_LOOP_ANALYSIS = YES;
				CLANG_WARN_STRICT_PROTOTYPES = YES;
				CLANG_WARN_SUSPICIOUS_MOVE = YES;
				CLANG_WARN_UNGUARDED_AVAILABILITY = YES_AGGRESSIVE;
				CLANG_WARN_UNREACHABLE_CODE = YES;
				CLANG_WARN__DUPLICATE_METHOD_MATCH = YES;
				CODE_SIGN_IDENTITY = "iPhone Developer";
				COPY_PHASE_STRIP = NO;
				DEBUG_INFORMATION_FORMAT = "dwarf-with-dsym";
				ENABLE_NS_ASSERTIONS = NO;
				ENABLE_STRICT_OBJC_MSGSEND = YES;
				GCC_C_LANGUAGE_STANDARD = gnu11;
				GCC_NO_COMMON_BLOCKS = YES;
				GCC_WARN_64_TO_32_BIT_CONVERSION = YES;
				GCC_WARN_ABOUT_RETURN_TYPE = YES_ERROR;
				GCC_WARN_UNDECLARED_SELECTOR = YES;
				GCC_WARN_UNINITIALIZED_AUTOS = YES_AGGRESSIVE;
				GCC_WARN_UNUSED_FUNCTION = YES;
				GCC_WARN_UNUSED_VARIABLE = YES;
				IPHONEOS_DEPLOYMENT_TARGET = 12.0;
				MTL_ENABLE_DEBUG_INFO = NO;
				MTL_FAST_MATH = YES;
				SDKROOT = iphoneos;
				SWIFT_COMPILATION_MODE = wholemodule;
				SWIFT_OPTIMIZATION_LEVEL = "-O";
				VALIDATE_PRODUCT = YES;
			};
			name = Release;
		};
		428D6943211660220052D54F /* Debug */ = {
			isa = XCBuildConfiguration;
			buildSettings = {
				ASSETCATALOG_COMPILER_APPICON_NAME = AppIcon;
				CODE_SIGN_IDENTITY = "Apple Development";
				CODE_SIGN_STYLE = Automatic;
				DEVELOPMENT_TEAM = VQ96AQRU3R;
				INFOPLIST_FILE = "$(SRCROOT)/RabbleWabble/Resources/Info.plist";
				IPHONEOS_DEPLOYMENT_TARGET = 13.0;
				LD_RUNPATH_SEARCH_PATHS = (
					"$(inherited)",
					"@executable_path/Frameworks",
				);
				PRODUCT_BUNDLE_IDENTIFIER = com.ogunsola.RabbleWabble;
				PRODUCT_NAME = "$(TARGET_NAME)";
				PROVISIONING_PROFILE_SPECIFIER = "";
				SWIFT_VERSION = 5.0;
				TARGETED_DEVICE_FAMILY = "1,2";
			};
			name = Debug;
		};
		428D6944211660220052D54F /* Release */ = {
			isa = XCBuildConfiguration;
			buildSettings = {
				ASSETCATALOG_COMPILER_APPICON_NAME = AppIcon;
				CODE_SIGN_IDENTITY = "Apple Development";
				CODE_SIGN_STYLE = Automatic;
				DEVELOPMENT_TEAM = VQ96AQRU3R;
				INFOPLIST_FILE = "$(SRCROOT)/RabbleWabble/Resources/Info.plist";
				IPHONEOS_DEPLOYMENT_TARGET = 13.0;
				LD_RUNPATH_SEARCH_PATHS = (
					"$(inherited)",
					"@executable_path/Frameworks",
				);
				PRODUCT_BUNDLE_IDENTIFIER = com.ogunsola.RabbleWabble;
				PRODUCT_NAME = "$(TARGET_NAME)";
				PROVISIONING_PROFILE_SPECIFIER = "";
				SWIFT_VERSION = 5.0;
				TARGETED_DEVICE_FAMILY = "1,2";
			};
			name = Release;
		};
/* End XCBuildConfiguration section */

/* Begin XCConfigurationList section */
		428D692B211660200052D54F /* Build configuration list for PBXProject "RabbleWabble" */ = {
			isa = XCConfigurationList;
			buildConfigurations = (
				428D6940211660220052D54F /* Debug */,
				428D6941211660220052D54F /* Release */,
			);
			defaultConfigurationIsVisible = 0;
			defaultConfigurationName = Release;
		};
		428D6942211660220052D54F /* Build configuration list for PBXNativeTarget "RabbleWabble" */ = {
			isa = XCConfigurationList;
			buildConfigurations = (
				428D6943211660220052D54F /* Debug */,
				428D6944211660220052D54F /* Release */,
			);
			defaultConfigurationIsVisible = 0;
			defaultConfigurationName = Release;
		};
/* End XCConfigurationList section */
	};
	rootObject = 428D6928211660200052D54F /* Project object */;
}
